
Microsoft Visual Studio Solution File, Format Version 12.00
# Visual Studio Version 17
VisualStudioVersion = 17.0.31903.59
MinimumVisualStudioVersion = 10.0.40219.1
Project("{FAE04EC0-301F-11D3-BF4B-00C04F79EFBC}") = "ProjectWeb", "ProjectWeb\ProjectWeb.csproj", "{CC09B628-BAB8-446E-BA04-97F419CDBB5F}"
EndProject
Project("{FAE04EC0-301F-11D3-BF4B-00C04F79EFBC}") = "Project.DataAccess", "Project.DataAccess\Project.DataAccess.csproj", "{9D85AA8F-0C01-4D36-B619-2028D5E181E2}"
EndProject
Project("{FAE04EC0-301F-11D3-BF4B-00C04F79EFBC}") = "Project.Models", "Project.Models\Project.Models.csproj", "{B141AF38-CB75-454D-AE7E-F0BC2E34B543}"
EndProject
Project("{FAE04EC0-301F-11D3-BF4B-00C04F79EFBC}") = "Project.Utility", "Project.Utility\Project.Utility.csproj", "{B21F96D3-D39B-45C0-99FA-90872EA3DDED}"
EndProject
Global
	GlobalSection(SolutionConfigurationPlatforms) = preSolution
		Debug|Any CPU = Debug|Any CPU
		Release|Any CPU = Release|Any CPU
	EndGlobalSection
	GlobalSection(ProjectConfigurationPlatforms) = postSolution
		{CC09B628-BAB8-446E-BA04-97F419CDBB5F}.Debug|Any CPU.ActiveCfg = Debug|Any CPU
		{CC09B628-BAB8-446E-BA04-97F419CDBB5F}.Debug|Any CPU.Build.0 = Debug|Any CPU
		{CC09B628-BAB8-446E-BA04-97F419CDBB5F}.Release|Any CPU.ActiveCfg = Release|Any CPU
		{CC09B628-BAB8-446E-BA04-97F419CDBB5F}.Release|Any CPU.Build.0 = Release|Any CPU
		{9D85AA8F-0C01-4D36-B619-2028D5E181E2}.Debug|Any CPU.ActiveCfg = Debug|Any CPU
		{9D85AA8F-0C01-4D36-B619-2028D5E181E2}.Debug|Any CPU.Build.0 = Debug|Any CPU
		{9D85AA8F-0C01-4D36-B619-2028D5E181E2}.Release|Any CPU.ActiveCfg = Release|Any CPU
		{9D85AA8F-0C01-4D36-B619-2028D5E181E2}.Release|Any CPU.Build.0 = Release|Any CPU
		{B141AF38-CB75-454D-AE7E-F0BC2E34B543}.Debug|Any CPU.ActiveCfg = Debug|Any CPU
		{B141AF38-CB75-454D-AE7E-F0BC2E34B543}.Debug|Any CPU.Build.0 = Debug|Any CPU
		{B141AF38-CB75-454D-AE7E-F0BC2E34B543}.Release|Any CPU.ActiveCfg = Release|Any CPU
		{B141AF38-CB75-454D-AE7E-F0BC2E34B543}.Release|Any CPU.Build.0 = Release|Any CPU
		{B21F96D3-D39B-45C0-99FA-90872EA3DDED}.Debug|Any CPU.ActiveCfg = Debug|Any CPU
		{B21F96D3-D39B-45C0-99FA-90872EA3DDED}.Debug|Any CPU.Build.0 = Debug|Any CPU
		{B21F96D3-D39B-45C0-99FA-90872EA3DDED}.Release|Any CPU.ActiveCfg = Release|Any CPU
		{B21F96D3-D39B-45C0-99FA-90872EA3DDED}.Release|Any CPU.Build.0 = Release|Any CPU
	EndGlobalSection
	GlobalSection(SolutionProperties) = preSolution
		HideSolutionNode = FALSE
	EndGlobalSection
	GlobalSection(ExtensibilityGlobals) = postSolution
		SolutionGuid = {ADCC97E6-301E-48D9-B4E0-C229CAF019FD}
	EndGlobalSection
EndGlobal
